
Microsoft Visual Studio Solution File, Format Version 12.00
# Visual Studio Version 16
VisualStudioVersion = 16.0.29911.84
MinimumVisualStudioVersion = 10.0.40219.1
Project("{FAE04EC0-301F-11D3-BF4B-00C04F79EFBC}") = "Descartes Square", "Descartes Square.csproj", "{7A4E810B-FB7C-4FEA-8756-73777C5A9CDE}"
EndProject
Global
	GlobalSection(SolutionConfigurationPlatforms) = preSolution
		Debug|Any CPU = Debug|Any CPU
		Release|Any CPU = Release|Any CPU
	EndGlobalSection
	GlobalSection(ProjectConfigurationPlatforms) = postSolution
		{7A4E810B-FB7C-4FEA-8756-73777C5A9CDE}.Debug|Any CPU.ActiveCfg = Debug|Any CPU
		{7A4E810B-FB7C-4FEA-8756-73777C5A9CDE}.Debug|Any CPU.Build.0 = Debug|Any CPU
		{7A4E810B-FB7C-4FEA-8756-73777C5A9CDE}.Release|Any CPU.ActiveCfg = Release|Any CPU
		{7A4E810B-FB7C-4FEA-8756-73777C5A9CDE}.Release|Any CPU.Build.0 = Release|Any CPU
	EndGlobalSection
	GlobalSection(SolutionProperties) = preSolution
		HideSolutionNode = FALSE
	EndGlobalSection
	GlobalSection(ExtensibilityGlobals) = postSolution
		SolutionGuid = {027D49C1-03AD-4400-889A-6D10B00CB980}
	EndGlobalSection
EndGlobal
